
Microsoft Visual Studio Solution File, Format Version 12.00
# Visual Studio Version 17
VisualStudioVersion = 17.9.34607.119
MinimumVisualStudioVersion = 10.0.40219.1
Project("{FAE04EC0-301F-11D3-BF4B-00C04F79EFBC}") = "2", "2\2.csproj", "{5181BB83-1D19-48F4-8D0D-A1546E2ED2E4}"
EndProject
Global
	GlobalSection(SolutionConfigurationPlatforms) = preSolution
		Debug|Any CPU = Debug|Any CPU
		Release|Any CPU = Release|Any CPU
	EndGlobalSection
	GlobalSection(ProjectConfigurationPlatforms) = postSolution
		{5181BB83-1D19-48F4-8D0D-A1546E2ED2E4}.Debug|Any CPU.ActiveCfg = Debug|Any CPU
		{5181BB83-1D19-48F4-8D0D-A1546E2ED2E4}.Debug|Any CPU.Build.0 = Debug|Any CPU
		{5181BB83-1D19-48F4-8D0D-A1546E2ED2E4}.Release|Any CPU.ActiveCfg = Release|Any CPU
		{5181BB83-1D19-48F4-8D0D-A1546E2ED2E4}.Release|Any CPU.Build.0 = Release|Any CPU
	EndGlobalSection
	GlobalSection(SolutionProperties) = preSolution
		HideSolutionNode = FALSE
	EndGlobalSection
	GlobalSection(ExtensibilityGlobals) = postSolution
		SolutionGuid = {8D49B57F-B61C-4651-91A0-B69D06B50DC9}
	EndGlobalSection
EndGlobal
